
Microsoft Visual Studio Solution File, Format Version 12.00
# Visual Studio 15
VisualStudioVersion = 15.0.26730.12
MinimumVisualStudioVersion = 10.0.40219.1
Project("{8BC9CEB8-8B4A-11D0-8D11-00A0C91BC942}") = "Art Gallery", "Art Gallery\Art Gallery.vcxproj", "{7918C791-88E7-4522-97EA-412D7ED48180}"
EndProject
Global
	GlobalSection(SolutionConfigurationPlatforms) = preSolution
		Debug|x64 = Debug|x64
		Debug|x86 = Debug|x86
		Release|x64 = Release|x64
		Release|x86 = Release|x86
	EndGlobalSection
	GlobalSection(ProjectConfigurationPlatforms) = postSolution
		{7918C791-88E7-4522-97EA-412D7ED48180}.Debug|x64.ActiveCfg = Release|x64
		{7918C791-88E7-4522-97EA-412D7ED48180}.Debug|x64.Build.0 = Release|x64
		{7918C791-88E7-4522-97EA-412D7ED48180}.Debug|x86.ActiveCfg = Debug|Win32
		{7918C791-88E7-4522-97EA-412D7ED48180}.Debug|x86.Build.0 = Debug|Win32
		{7918C791-88E7-4522-97EA-412D7ED48180}.Release|x64.ActiveCfg = Release|x64
		{7918C791-88E7-4522-97EA-412D7ED48180}.Release|x64.Build.0 = Release|x64
		{7918C791-88E7-4522-97EA-412D7ED48180}.Release|x86.ActiveCfg = Release|Win32
		{7918C791-88E7-4522-97EA-412D7ED48180}.Release|x86.Build.0 = Release|Win32
	EndGlobalSection
	GlobalSection(SolutionProperties) = preSolution
		HideSolutionNode = FALSE
	EndGlobalSection
	GlobalSection(ExtensibilityGlobals) = postSolution
		SolutionGuid = {9E22906E-8ACF-4208-B252-FFB6A5B9CB1F}
	EndGlobalSection
EndGlobal
